Microsoft Visual Studio Solution File, Format Version 12.00
# Visual Studio Version 17
VisualStudioVersion = 17.3.32901.215
MinimumVisualStudioVersion = 10.0.40219.1
Project("{9A19103F-16F7-4668-BE54-9A1E7A4F7556}") = "TelemetryManager", "TelemetryManager.csproj", "{562E86B7-CEEF-4282-B7A2-A518C5919E16}"
EndProject
Project("{9A19103F-16F7-4668-BE54-9A1E7A4F7556}") = "TelemetryLibrary", "..\TelemetryLib-main\TelemetryLib-main\TelemetryLibrary.csproj", "{3518E8AC-7FF9-4956-94BC-0842EA039F40}"
EndProject
Global
	GlobalSection(SolutionConfigurationPlatforms) = preSolution
		Debug|Any CPU = Debug|Any CPU
		Release|Any CPU = Release|Any CPU
	EndGlobalSection
	GlobalSection(ProjectConfigurationPlatforms) = postSolution
		{562E86B7-CEEF-4282-B7A2-A518C5919E16}.Debug|Any CPU.ActiveCfg = Debug|Any CPU
		{562E86B7-CEEF-4282-B7A2-A518C5919E16}.Debug|Any CPU.Build.0 = Debug|Any CPU
		{562E86B7-CEEF-4282-B7A2-A518C5919E16}.Release|Any CPU.ActiveCfg = Release|Any CPU
		{562E86B7-CEEF-4282-B7A2-A518C5919E16}.Release|Any CPU.Build.0 = Release|Any CPU
		{3518E8AC-7FF9-4956-94BC-0842EA039F40}.Debug|Any CPU.ActiveCfg = Debug|Any CPU
		{3518E8AC-7FF9-4956-94BC-0842EA039F40}.Debug|Any CPU.Build.0 = Debug|Any CPU
		{3518E8AC-7FF9-4956-94BC-0842EA039F40}.Release|Any CPU.ActiveCfg = Release|Any CPU
		{3518E8AC-7FF9-4956-94BC-0842EA039F40}.Release|Any CPU.Build.0 = Release|Any CPU
	EndGlobalSection
	GlobalSection(SolutionProperties) = preSolution
		HideSolutionNode = FALSE
	EndGlobalSection
	GlobalSection(ExtensibilityGlobals) = postSolution
		SolutionGuid = {B28A1A48-AB87-4A80-B9CD-DB83EB06090F}
	EndGlobalSection
EndGlobal
